// !$*UTF8*$!
{
	archiveVersion = 1;
	classes = {
	};
	objectVersion = 51;
	objects = {

/* Begin PBXBuildFile section */
		1DCE248BFC4463B96C4E5AB9 /* Pods_FastKinsTests.framework in Frameworks */ = {isa = PBXBuildFile; fileRef = A8BC8D413358229145C1F6FF /* Pods_FastKinsTests.framework */; };
		33AB5C9E243714B200FF46CD /* AppDelegate.swift in Sources */ = {isa = PBXBuildFile; fileRef = 33AB5C9D243714B200FF46CD /* AppDelegate.swift */; };
		33AB5CA0243714B200FF46CD /* SceneDelegate.swift in Sources */ = {isa = PBXBuildFile; fileRef = 33AB5C9F243714B200FF46CD /* SceneDelegate.swift */; };
		33AB5CA2243714B200FF46CD /* ViewController.swift in Sources */ = {isa = PBXBuildFile; fileRef = 33AB5CA1243714B200FF46CD /* ViewController.swift */; };
		33AB5CA5243714B200FF46CD /* Main.storyboard in Resources */ = {isa = PBXBuildFile; fileRef = 33AB5CA3243714B200FF46CD /* Main.storyboard */; };
		33AB5CA7243714BA00FF46CD /* Assets.xcassets in Resources */ = {isa = PBXBuildFile; fileRef = 33AB5CA6243714BA00FF46CD /* Assets.xcassets */; };
		33AB5CAA243714BA00FF46CD /* LaunchScreen.storyboard in Resources */ = {isa = PBXBuildFile; fileRef = 33AB5CA8243714BA00FF46CD /* LaunchScreen.storyboard */; };
		33AB5CB5243714BA00FF46CD /* FastKinsTests.swift in Sources */ = {isa = PBXBuildFile; fileRef = 33AB5CB4243714BA00FF46CD /* FastKinsTests.swift */; };
		33AB5CC0243714BA00FF46CD /* FastKinsUITests.swift in Sources */ = {isa = PBXBuildFile; fileRef = 33AB5CBF243714BA00FF46CD /* FastKinsUITests.swift */; };
		33EAA176243B0E6700AE218C /* Alamofire.framework in Frameworks */ = {isa = PBXBuildFile; fileRef = 33EAA175243B0E6700AE218C /* Alamofire.framework */; };
		3CAB1957D193FF9130A07E71 /* Pods_FastKins.framework in Frameworks */ = {isa = PBXBuildFile; fileRef = AF6219EA571E42636195729B /* Pods_FastKins.framework */; };
		9D1837C155294DCFC490DF05 /* Pods_FastKins_FastKinsUITests.framework in Frameworks */ = {isa = PBXBuildFile; fileRef = 5A9BB79456CC7F4E20E7FC9B /* Pods_FastKins_FastKinsUITests.framework */; };
/* End PBXBuildFile section */

/* Begin PBXContainerItemProxy section */
		33AB5CB1243714BA00FF46CD /* PBXContainerItemProxy */ = {
			isa = PBXContainerItemProxy;
			containerPortal = 33AB5C92243714B200FF46CD /* Project object */;
			proxyType = 1;
			remoteGlobalIDString = 33AB5C99243714B200FF46CD;
			remoteInfo = FastKins;
		};
		33AB5CBC243714BA00FF46CD /* PBXContainerItemProxy */ = {
			isa = PBXContainerItemProxy;
			containerPortal = 33AB5C92243714B200FF46CD /* Project object */;
			proxyType = 1;
			remoteGlobalIDString = 33AB5C99243714B200FF46CD;
			remoteInfo = FastKins;
		};
/* End PBXContainerItemProxy section */

/* Begin PBXFileReference section */
		33AB5C9A243714B200FF46CD /* FastKins.app */ = {isa = PBXFileReference; explicitFileType = wrapper.application; includeInIndex = 0; path = FastKins.app; sourceTree = BUILT_PRODUCTS_DIR; };
		33AB5C9D243714B200FF46CD /* AppDelegate.swift */ = {isa = PBXFileReference; lastKnownFileType = sourcecode.swift; path = AppDelegate.swift; sourceTree = "<group>"; };
		33AB5C9F243714B200FF46CD /* SceneDelegate.swift */ = {isa = PBXFileReference; lastKnownFileType = sourcecode.swift; path = SceneDelegate.swift; sourceTree = "<group>"; };
		33AB5CA1243714B200FF46CD /* ViewController.swift */ = {isa = PBXFileReference; lastKnownFileType = sourcecode.swift; path = ViewController.swift; sourceTree = "<group>"; };
		33AB5CA4243714B200FF46CD /* Base */ = {isa = PBXFileReference; lastKnownFileType = file.storyboard; name = Base; path = Base.lproj/Main.storyboard; sourceTree = "<group>"; };
		33AB5CA6243714BA00FF46CD /* Assets.xcassets */ = {isa = PBXFileReference; lastKnownFileType = folder.assetcatalog; path = Assets.xcassets; sourceTree = "<group>"; };
		33AB5CA9243714BA00FF46CD /* Base */ = {isa = PBXFileReference; lastKnownFileType = file.storyboard; name = Base; path = Base.lproj/LaunchScreen.storyboard; sourceTree = "<group>"; };
		33AB5CAB243714BA00FF46CD /* Info.plist */ = {isa = PBXFileReference; lastKnownFileType = text.plist.xml; path = Info.plist; sourceTree = "<group>"; };
		33AB5CB0243714BA00FF46CD /* FastKinsTests.xctest */ = {isa = PBXFileReference; explicitFileType = wrapper.cfbundle; includeInIndex = 0; path = FastKinsTests.xctest; sourceTree = BUILT_PRODUCTS_DIR; };
		33AB5CB4243714BA00FF46CD /* FastKinsTests.swift */ = {isa = PBXFileReference; lastKnownFileType = sourcecode.swift; path = FastKinsTests.swift; sourceTree = "<group>"; };
		33AB5CB6243714BA00FF46CD /* Info.plist */ = {isa = PBXFileReference; lastKnownFileType = text.plist.xml; path = Info.plist; sourceTree = "<group>"; };
		33AB5CBB243714BA00FF46CD /* FastKinsUITests.xctest */ = {isa = PBXFileReference; explicitFileType = wrapper.cfbundle; includeInIndex = 0; path = FastKinsUITests.xctest; sourceTree = BUILT_PRODUCTS_DIR; };
		33AB5CBF243714BA00FF46CD /* FastKinsUITests.swift */ = {isa = PBXFileReference; lastKnownFileType = sourcecode.swift; path = FastKinsUITests.swift; sourceTree = "<group>"; };
		33AB5CC1243714BA00FF46CD /* Info.plist */ = {isa = PBXFileReference; lastKnownFileType = text.plist.xml; path = Info.plist; sourceTree = "<group>"; };
		33EAA175243B0E6700AE218C /* Alamofire.framework */ = {isa = PBXFileReference; explicitFileType = wrapper.framework; path = Alamofire.framework; sourceTree = BUILT_PRODUCTS_DIR; };
		597B75A2E4FF61952E1759E6 /* Pods-FastKins.release.xcconfig */ = {isa = PBXFileReference; includeInIndex = 1; lastKnownFileType = text.xcconfig; name = "Pods-FastKins.release.xcconfig"; path = "Target Support Files/Pods-FastKins/Pods-FastKins.release.xcconfig"; sourceTree = "<group>"; };
		5A9BB79456CC7F4E20E7FC9B /* Pods_FastKins_FastKinsUITests.framework */ = {isa = PBXFileReference; explicitFileType = wrapper.framework; includeInIndex = 0; path = Pods_FastKins_FastKinsUITests.framework; sourceTree = BUILT_PRODUCTS_DIR; };
		6FCEB47F379BB378C0BD5E91 /* Pods-FastKins.debug.xcconfig */ = {isa = PBXFileReference; includeInIndex = 1; lastKnownFileType = text.xcconfig; name = "Pods-FastKins.debug.xcconfig"; path = "Target Support Files/Pods-FastKins/Pods-FastKins.debug.xcconfig"; sourceTree = "<group>"; };
		A8BC8D413358229145C1F6FF /* Pods_FastKinsTests.framework */ = {isa = PBXFileReference; explicitFileType = wrapper.framework; includeInIndex = 0; path = Pods_FastKinsTests.framework; sourceTree = BUILT_PRODUCTS_DIR; };
		AF6219EA571E42636195729B /* Pods_FastKins.framework */ = {isa = PBXFileReference; explicitFileType = wrapper.framework; includeInIndex = 0; path = Pods_FastKins.framework; sourceTree = BUILT_PRODUCTS_DIR; };
		C6200BF7C59AE9C20610A123 /* Pods-FastKinsTests.release.xcconfig */ = {isa = PBXFileReference; includeInIndex = 1; lastKnownFileType = text.xcconfig; name = "Pods-FastKinsTests.release.xcconfig"; path = "Target Support Files/Pods-FastKinsTests/Pods-FastKinsTests.release.xcconfig"; sourceTree = "<group>"; };
		DC9DD324D05235E7F1F01393 /* Pods-FastKins-FastKinsUITests.debug.xcconfig */ = {isa = PBXFileReference; includeInIndex = 1; lastKnownFileType = text.xcconfig; name = "Pods-FastKins-FastKinsUITests.debug.xcconfig"; path = "Target Support Files/Pods-FastKins-FastKinsUITests/Pods-FastKins-FastKinsUITests.debug.xcconfig"; sourceTree = "<group>"; };
		E857508DB2848BD9332A7274 /* Pods-FastKins-FastKinsUITests.release.xcconfig */ = {isa = PBXFileReference; includeInIndex = 1; lastKnownFileType = text.xcconfig; name = "Pods-FastKins-FastKinsUITests.release.xcconfig"; path = "Target Support Files/Pods-FastKins-FastKinsUITests/Pods-FastKins-FastKinsUITests.release.xcconfig"; sourceTree = "<group>"; };
		FC1DCC94169089F71F0EFE87 /* Pods-FastKinsTests.debug.xcconfig */ = {isa = PBXFileReference; includeInIndex = 1; lastKnownFileType = text.xcconfig; name = "Pods-FastKinsTests.debug.xcconfig"; path = "Target Support Files/Pods-FastKinsTests/Pods-FastKinsTests.debug.xcconfig"; sourceTree = "<group>"; };
/* End PBXFileReference section */

/* Begin PBXFrameworksBuildPhase section */
		33AB5C97243714B200FF46CD /* Frameworks */ = {
			isa = PBXFrameworksBuildPhase;
			buildActionMask = 2147483647;
			files = (
				33EAA176243B0E6700AE218C /* Alamofire.framework in Frameworks */,
				3CAB1957D193FF9130A07E71 /* Pods_FastKins.framework in Frameworks */,
			);
			runOnlyForDeploymentPostprocessing = 0;
		};
		33AB5CAD243714BA00FF46CD /* Frameworks */ = {
			isa = PBXFrameworksBuildPhase;
			buildActionMask = 2147483647;
			files = (
				1DCE248BFC4463B96C4E5AB9 /* Pods_FastKinsTests.framework in Frameworks */,
			);
			runOnlyForDeploymentPostprocessing = 0;
		};
		33AB5CB8243714BA00FF46CD /* Frameworks */ = {
			isa = PBXFrameworksBuildPhase;
			buildActionMask = 2147483647;
			files = (
				9D1837C155294DCFC490DF05 /* Pods_FastKins_FastKinsUITests.framework in Frameworks */,
			);
			runOnlyForDeploymentPostprocessing = 0;
		};
/* End PBXFrameworksBuildPhase section */

/* Begin PBXGroup section */
		33AB5C91243714B200FF46CD = {
			isa = PBXGroup;
			children = (
				33AB5C9C243714B200FF46CD /* FastKins */,
				33AB5CB3243714BA00FF46CD /* FastKinsTests */,
				33AB5CBE243714BA00FF46CD /* FastKinsUITests */,
				33AB5C9B243714B200FF46CD /* Products */,
				A071D77A325998A829E14961 /* Pods */,
				79F73B8558A31D04312839AF /* Frameworks */,
			);
			sourceTree = "<group>";
		};
		33AB5C9B243714B200FF46CD /* Products */ = {
			isa = PBXGroup;
			children = (
				33AB5C9A243714B200FF46CD /* FastKins.app */,
				33AB5CB0243714BA00FF46CD /* FastKinsTests.xctest */,
				33AB5CBB243714BA00FF46CD /* FastKinsUITests.xctest */,
			);
			name = Products;
			sourceTree = "<group>";
		};
		33AB5C9C243714B200FF46CD /* FastKins */ = {
			isa = PBXGroup;
			children = (
				33AB5C9D243714B200FF46CD /* AppDelegate.swift */,
				33AB5C9F243714B200FF46CD /* SceneDelegate.swift */,
				33AB5CA1243714B200FF46CD /* ViewController.swift */,
				33AB5CA3243714B200FF46CD /* Main.storyboard */,
				33AB5CA6243714BA00FF46CD /* Assets.xcassets */,
				33AB5CA8243714BA00FF46CD /* LaunchScreen.storyboard */,
				33AB5CAB243714BA00FF46CD /* Info.plist */,
			);
			path = FastKins;
			sourceTree = "<group>";
		};
		33AB5CB3243714BA00FF46CD /* FastKinsTests */ = {
			isa = PBXGroup;
			children = (
				33AB5CB4243714BA00FF46CD /* FastKinsTests.swift */,
				33AB5CB6243714BA00FF46CD /* Info.plist */,
			);
			path = FastKinsTests;
			sourceTree = "<group>";
		};
		33AB5CBE243714BA00FF46CD /* FastKinsUITests */ = {
			isa = PBXGroup;
			children = (
				33AB5CBF243714BA00FF46CD /* FastKinsUITests.swift */,
				33AB5CC1243714BA00FF46CD /* Info.plist */,
			);
			path = FastKinsUITests;
			sourceTree = "<group>";
		};
		79F73B8558A31D04312839AF /* Frameworks */ = {
			isa = PBXGroup;
			children = (
				33EAA175243B0E6700AE218C /* Alamofire.framework */,
				AF6219EA571E42636195729B /* Pods_FastKins.framework */,
				5A9BB79456CC7F4E20E7FC9B /* Pods_FastKins_FastKinsUITests.framework */,
				A8BC8D413358229145C1F6FF /* Pods_FastKinsTests.framework */,
			);
			name = Frameworks;
			sourceTree = "<group>";
		};
		A071D77A325998A829E14961 /* Pods */ = {
			isa = PBXGroup;
			children = (
				6FCEB47F379BB378C0BD5E91 /* Pods-FastKins.debug.xcconfig */,
				597B75A2E4FF61952E1759E6 /* Pods-FastKins.release.xcconfig */,
				DC9DD324D05235E7F1F01393 /* Pods-FastKins-FastKinsUITests.debug.xcconfig */,
				E857508DB2848BD9332A7274 /* Pods-FastKins-FastKinsUITests.release.xcconfig */,
				FC1DCC94169089F71F0EFE87 /* Pods-FastKinsTests.debug.xcconfig */,
				C6200BF7C59AE9C20610A123 /* Pods-FastKinsTests.release.xcconfig */,
			);
			path = Pods;
			sourceTree = "<group>";
		};
/* End PBXGroup section */

/* Begin PBXNativeTarget section */
		33AB5C99243714B200FF46CD /* FastKins */ = {
			isa = PBXNativeTarget;
			buildConfigurationList = 33AB5CC4243714BA00FF46CD /* Build configuration list for PBXNativeTarget "FastKins" */;
			buildPhases = (
				ABA0ABA7B376C25713DB128C /* [CP] Check Pods Manifest.lock */,
				33AB5C96243714B200FF46CD /* Sources */,
				33AB5C97243714B200FF46CD /* Frameworks */,
				33AB5C98243714B200FF46CD /* Resources */,
				A89F66964C065881D49F7969 /* [CP] Embed Pods Frameworks */,
			);
			buildRules = (
			);
			dependencies = (
			);
			name = FastKins;
			productName = FastKins;
			productReference = 33AB5C9A243714B200FF46CD /* FastKins.app */;
			productType = "com.apple.product-type.application";
		};
		33AB5CAF243714BA00FF46CD /* FastKinsTests */ = {
			isa = PBXNativeTarget;
			buildConfigurationList = 33AB5CC7243714BA00FF46CD /* Build configuration list for PBXNativeTarget "FastKinsTests" */;
			buildPhases = (
				6CB1858EBCC0EB3EE388AE58 /* [CP] Check Pods Manifest.lock */,
				33AB5CAC243714BA00FF46CD /* Sources */,
				33AB5CAD243714BA00FF46CD /* Frameworks */,
				33AB5CAE243714BA00FF46CD /* Resources */,
				D03A7DAB6A3BF2325BF94860 /* [CP] Embed Pods Frameworks */,
			);
			buildRules = (
			);
			dependencies = (
				33AB5CB2243714BA00FF46CD /* PBXTargetDependency */,
			);
			name = FastKinsTests;
			productName = FastKinsTests;
			productReference = 33AB5CB0243714BA00FF46CD /* FastKinsTests.xctest */;
			productType = "com.apple.product-type.bundle.unit-test";
		};
		33AB5CBA243714BA00FF46CD /* FastKinsUITests */ = {
			isa = PBXNativeTarget;
			buildConfigurationList = 33AB5CCA243714BA00FF46CD /* Build configuration list for PBXNativeTarget "FastKinsUITests" */;
			buildPhases = (
				1990919094D7D8D2216C14D4 /* [CP] Check Pods Manifest.lock */,
				33AB5CB7243714BA00FF46CD /* Sources */,
				33AB5CB8243714BA00FF46CD /* Frameworks */,
				33AB5CB9243714BA00FF46CD /* Resources */,
				5594DAF53C69FC3D62448035 /* [CP] Embed Pods Frameworks */,
			);
			buildRules = (
			);
			dependencies = (
				33AB5CBD243714BA00FF46CD /* PBXTargetDependency */,
			);
			name = FastKinsUITests;
			productName = FastKinsUITests;
			productReference = 33AB5CBB243714BA00FF46CD /* FastKinsUITests.xctest */;
			productType = "com.apple.product-type.bundle.ui-testing";
		};
/* End PBXNativeTarget section */

/* Begin PBXProject section */
		33AB5C92243714B200FF46CD /* Project object */ = {
			isa = PBXProject;
			attributes = {
				LastSwiftUpdateCheck = 1130;
				LastUpgradeCheck = 1130;
				ORGANIZATIONNAME = "Diya Systems";
				TargetAttributes = {
					33AB5C99243714B200FF46CD = {
						CreatedOnToolsVersion = 11.3.1;
					};
					33AB5CAF243714BA00FF46CD = {
						CreatedOnToolsVersion = 11.3.1;
						TestTargetID = 33AB5C99243714B200FF46CD;
					};
					33AB5CBA243714BA00FF46CD = {
						CreatedOnToolsVersion = 11.3.1;
						TestTargetID = 33AB5C99243714B200FF46CD;
					};
				};
			};
			buildConfigurationList = 33AB5C95243714B200FF46CD /* Build configuration list for PBXProject "FastKins" */;
			compatibilityVersion = "Xcode 9.3";
			developmentRegion = en;
			hasScannedForEncodings = 0;
			knownRegions = (
				en,
				Base,
			);
			mainGroup = 33AB5C91243714B200FF46CD;
			productRefGroup = 33AB5C9B243714B200FF46CD /* Products */;
			projectDirPath = "";
			projectRoot = "";
			targets = (
				33AB5C99243714B200FF46CD /* FastKins */,
				33AB5CAF243714BA00FF46CD /* FastKinsTests */,
				33AB5CBA243714BA00FF46CD /* FastKinsUITests */,
			);
		};
/* End PBXProject section */

/* Begin PBXResourcesBuildPhase section */
		33AB5C98243714B200FF46CD /* Resources */ = {
			isa = PBXResourcesBuildPhase;
			buildActionMask = 2147483647;
			files = (
				33AB5CAA243714BA00FF46CD /* LaunchScreen.storyboard in Resources */,
				33AB5CA7243714BA00FF46CD /* Assets.xcassets in Resources */,
				33AB5CA5243714B200FF46CD /* Main.storyboard in Resources */,
			);
			runOnlyForDeploymentPostprocessing = 0;
		};
		33AB5CAE243714BA00FF46CD /* Resources */ = {
			isa = PBXResourcesBuildPhase;
			buildActionMask = 2147483647;
			files = (
			);
			runOnlyForDeploymentPostprocessing = 0;
		};
		33AB5CB9243714BA00FF46CD /* Resources */ = {
			isa = PBXResourcesBuildPhase;
			buildActionMask = 2147483647;
			files = (
			);
			runOnlyForDeploymentPostprocessing = 0;
		};
/* End PBXResourcesBuildPhase section */

/* Begin PBXShellScriptBuildPhase section */
		1990919094D7D8D2216C14D4 /* [CP] Check Pods Manifest.lock */ = {
			isa = PBXShellScriptBuildPhase;
			buildActionMask = 2147483647;
			files = (
			);
			inputFileListPaths = (
			);
			inputPaths = (
				"${PODS_PODFILE_DIR_PATH}/Podfile.lock",
				"${PODS_ROOT}/Manifest.lock",
			);
			name = "[CP] Check Pods Manifest.lock";
			outputFileListPaths = (
			);
			outputPaths = (
				"$(DERIVED_FILE_DIR)/Pods-FastKins-FastKinsUITests-checkManifestLockResult.txt",
			);
			runOnlyForDeploymentPostprocessing = 0;
			shellPath = /bin/sh;
			shellScript = "diff \"${PODS_PODFILE_DIR_PATH}/Podfile.lock\" \"${PODS_ROOT}/Manifest.lock\" > /dev/null\nif [ $? != 0 ] ; then\n    # print error to STDERR\n    echo \"error: The sandbox is not in sync with the Podfile.lock. Run 'pod install' or update your CocoaPods installation.\" >&2\n    exit 1\nfi\n# This output is used by Xcode 'outputs' to avoid re-running this script phase.\necho \"SUCCESS\" > \"${SCRIPT_OUTPUT_FILE_0}\"\n";
			showEnvVarsInLog = 0;
		};
		5594DAF53C69FC3D62448035 /* [CP] Embed Pods Frameworks */ = {
			isa = PBXShellScriptBuildPhase;
			buildActionMask = 2147483647;
			files = (
			);
			inputFileListPaths = (
				"${PODS_ROOT}/Target Support Files/Pods-FastKins-FastKinsUITests/Pods-FastKins-FastKinsUITests-frameworks-${CONFIGURATION}-input-files.xcfilelist",
			);
			name = "[CP] Embed Pods Frameworks";
			outputFileListPaths = (
				"${PODS_ROOT}/Target Support Files/Pods-FastKins-FastKinsUITests/Pods-FastKins-FastKinsUITests-frameworks-${CONFIGURATION}-output-files.xcfilelist",
			);
			runOnlyForDeploymentPostprocessing = 0;
			shellPath = /bin/sh;
			shellScript = "\"${PODS_ROOT}/Target Support Files/Pods-FastKins-FastKinsUITests/Pods-FastKins-FastKinsUITests-frameworks.sh\"\n";
			showEnvVarsInLog = 0;
		};
		6CB1858EBCC0EB3EE388AE58 /* [CP] Check Pods Manifest.lock */ = {
			isa = PBXShellScriptBuildPhase;
			buildActionMask = 2147483647;
			files = (
			);
			inputFileListPaths = (
			);
			inputPaths = (
				"${PODS_PODFILE_DIR_PATH}/Podfile.lock",
				"${PODS_ROOT}/Manifest.lock",
			);
			name = "[CP] Check Pods Manifest.lock";
			outputFileListPaths = (
			);
			outputPaths = (
				"$(DERIVED_FILE_DIR)/Pods-FastKinsTests-checkManifestLockResult.txt",
			);
			runOnlyForDeploymentPostprocessing = 0;
			shellPath = /bin/sh;
			shellScript = "diff \"${PODS_PODFILE_DIR_PATH}/Podfile.lock\" \"${PODS_ROOT}/Manifest.lock\" > /dev/null\nif [ $? != 0 ] ; then\n    # print error to STDERR\n    echo \"error: The sandbox is not in sync with the Podfile.lock. Run 'pod install' or update your CocoaPods installation.\" >&2\n    exit 1\nfi\n# This output is used by Xcode 'outputs' to avoid re-running this script phase.\necho \"SUCCESS\" > \"${SCRIPT_OUTPUT_FILE_0}\"\n";
			showEnvVarsInLog = 0;
		};
		A89F66964C065881D49F7969 /* [CP] Embed Pods Frameworks */ = {
			isa = PBXShellScriptBuildPhase;
			buildActionMask = 2147483647;
			files = (
			);
			inputFileListPaths = (
				"${PODS_ROOT}/Target Support Files/Pods-FastKins/Pods-FastKins-frameworks-${CONFIGURATION}-input-files.xcfilelist",
			);
			name = "[CP] Embed Pods Frameworks";
			outputFileListPaths = (
				"${PODS_ROOT}/Target Support Files/Pods-FastKins/Pods-FastKins-frameworks-${CONFIGURATION}-output-files.xcfilelist",
			);
			runOnlyForDeploymentPostprocessing = 0;
			shellPath = /bin/sh;
			shellScript = "\"${PODS_ROOT}/Target Support Files/Pods-FastKins/Pods-FastKins-frameworks.sh\"\n";
			showEnvVarsInLog = 0;
		};
		ABA0ABA7B376C25713DB128C /* [CP] Check Pods Manifest.lock */ = {
			isa = PBXShellScriptBuildPhase;
			buildActionMask = 2147483647;
			files = (
			);
			inputFileListPaths = (
			);
			inputPaths = (
				"${PODS_PODFILE_DIR_PATH}/Podfile.lock",
				"${PODS_ROOT}/Manifest.lock",
			);
			name = "[CP] Check Pods Manifest.lock";
			outputFileListPaths = (
			);
			outputPaths = (
				"$(DERIVED_FILE_DIR)/Pods-FastKins-checkManifestLockResult.txt",
			);
			runOnlyForDeploymentPostprocessing = 0;
			shellPath = /bin/sh;
			shellScript = "diff \"${PODS_PODFILE_DIR_PATH}/Podfile.lock\" \"${PODS_ROOT}/Manifest.lock\" > /dev/null\nif [ $? != 0 ] ; then\n    # print error to STDERR\n    echo \"error: The sandbox is not in sync with the Podfile.lock. Run 'pod install' or update your CocoaPods installation.\" >&2\n    exit 1\nfi\n# This output is used by Xcode 'outputs' to avoid re-running this script phase.\necho \"SUCCESS\" > \"${SCRIPT_OUTPUT_FILE_0}\"\n";
			showEnvVarsInLog = 0;
		};
		D03A7DAB6A3BF2325BF94860 /* [CP] Embed Pods Frameworks */ = {
			isa = PBXShellScriptBuildPhase;
			buildActionMask = 2147483647;
			files = (
			);
			inputFileListPaths = (
				"${PODS_ROOT}/Target Support Files/Pods-FastKinsTests/Pods-FastKinsTests-frameworks-${CONFIGURATION}-input-files.xcfilelist",
			);
			name = "[CP] Embed Pods Frameworks";
			outputFileListPaths = (
				"${PODS_ROOT}/Target Support Files/Pods-FastKinsTests/Pods-FastKinsTests-frameworks-${CONFIGURATION}-output-files.xcfilelist",
			);
			runOnlyForDeploymentPostprocessing = 0;
			shellPath = /bin/sh;
			shellScript = "\"${PODS_ROOT}/Target Support Files/Pods-FastKinsTests/Pods-FastKinsTests-frameworks.sh\"\n";
			showEnvVarsInLog = 0;
		};
/* End PBXShellScriptBuildPhase section */

/* Begin PBXSourcesBuildPhase section */
		33AB5C96243714B200FF46CD /* Sources */ = {
			isa = PBXSourcesBuildPhase;
			buildActionMask = 2147483647;
			files = (
				33AB5CA2243714B200FF46CD /* ViewController.swift in Sources */,
				33AB5C9E243714B200FF46CD /* AppDelegate.swift in Sources */,
				33AB5CA0243714B200FF46CD /* SceneDelegate.swift in Sources */,
			);
			runOnlyForDeploymentPostprocessing = 0;
		};
		33AB5CAC243714BA00FF46CD /* Sources */ = {
			isa = PBXSourcesBuildPhase;
			buildActionMask = 2147483647;
			files = (
				33AB5CB5243714BA00FF46CD /* FastKinsTests.swift in Sources */,
			);
			runOnlyForDeploymentPostprocessing = 0;
		};
		33AB5CB7243714BA00FF46CD /* Sources */ = {
			isa = PBXSourcesBuildPhase;
			buildActionMask = 2147483647;
			files = (
				33AB5CC0243714BA00FF46CD /* FastKinsUITests.swift in Sources */,
			);
			runOnlyForDeploymentPostprocessing = 0;
		};
/* End PBXSourcesBuildPhase section */

/* Begin PBXTargetDependency section */
		33AB5CB2243714BA00FF46CD /* PBXTargetDependency */ = {
			isa = PBXTargetDependency;
			target = 33AB5C99243714B200FF46CD /* FastKins */;
			targetProxy = 33AB5CB1243714BA00FF46CD /* PBXContainerItemProxy */;
		};
		33AB5CBD243714BA00FF46CD /* PBXTargetDependency */ = {
			isa = PBXTargetDependency;
			target = 33AB5C99243714B200FF46CD /* FastKins */;
			targetProxy = 33AB5CBC243714BA00FF46CD /* PBXContainerItemProxy */;
		};
/* End PBXTargetDependency section */

/* Begin PBXVariantGroup section */
		33AB5CA3243714B200FF46CD /* Main.storyboard */ = {
			isa = PBXVariantGroup;
			children = (
				33AB5CA4243714B200FF46CD /* Base */,
			);
			name = Main.storyboard;
			sourceTree = "<group>";
		};
		33AB5CA8243714BA00FF46CD /* LaunchScreen.storyboard */ = {
			isa = PBXVariantGroup;
			children = (
				33AB5CA9243714BA00FF46CD /* Base */,
			);
			name = LaunchScreen.storyboard;
			sourceTree = "<group>";
		};
/* End PBXVariantGroup section */

/* Begin XCBuildConfiguration section */
		33AB5CC2243714BA00FF46CD /* Debug */ = {
			isa = XCBuildConfiguration;
			buildSettings = {
				ALWAYS_SEARCH_USER_PATHS = NO;
				CLANG_ANALYZER_NONNULL = YES;
				CLANG_ANALYZER_NUMBER_OBJECT_CONVERSION = YES_AGGRESSIVE;
				CLANG_CXX_LANGUAGE_STANDARD = "gnu++14";
				CLANG_CXX_LIBRARY = "libc++";
				CLANG_ENABLE_MODULES = YES;
				CLANG_ENABLE_OBJC_ARC = YES;
				CLANG_ENABLE_OBJC_WEAK = YES;
				CLANG_WARN_BLOCK_CAPTURE_AUTORELEASING = YES;
				CLANG_WARN_BOOL_CONVERSION = YES;
				CLANG_WARN_COMMA = YES;
				CLANG_WARN_CONSTANT_CONVERSION = YES;
				CLANG_WARN_DEPRECATED_OBJC_IMPLEMENTATIONS = YES;
				CLANG_WARN_DIRECT_OBJC_ISA_USAGE = YES_ERROR;
				CLANG_WARN_DOCUMENTATION_COMMENTS = YES;
				CLANG_WARN_EMPTY_BODY = YES;
				CLANG_WARN_ENUM_CONVERSION = YES;
				CLANG_WARN_INFINITE_RECURSION = YES;
				CLANG_WARN_INT_CONVERSION = YES;
				CLANG_WARN_NON_LITERAL_NULL_CONVERSION = YES;
				CLANG_WARN_OBJC_IMPLICIT_RETAIN_SELF = YES;
				CLANG_WARN_OBJC_LITERAL_CONVERSION = YES;
				CLANG_WARN_OBJC_ROOT_CLASS = YES_ERROR;
				CLANG_WARN_RANGE_LOOP_ANALYSIS = YES;
				CLANG_WARN_STRICT_PROTOTYPES = YES;
				CLANG_WARN_SUSPICIOUS_MOVE = YES;
				CLANG_WARN_UNGUARDED_AVAILABILITY = YES_AGGRESSIVE;
				CLANG_WARN_UNREACHABLE_CODE = YES;
				CLANG_WARN__DUPLICATE_METHOD_MATCH = YES;
				COPY_PHASE_STRIP = NO;
				DEBUG_INFORMATION_FORMAT = dwarf;
				ENABLE_STRICT_OBJC_MSGSEND = YES;
				ENABLE_TESTABILITY = YES;
				GCC_C_LANGUAGE_STANDARD = gnu11;
				GCC_DYNAMIC_NO_PIC = NO;
				GCC_NO_COMMON_BLOCKS = YES;
				GCC_OPTIMIZATION_LEVEL = 0;
				GCC_PREPROCESSOR_DEFINITIONS = (
					"DEBUG=1",
					"$(inherited)",
				);
				GCC_WARN_64_TO_32_BIT_CONVERSION = YES;
				GCC_WARN_ABOUT_RETURN_TYPE = YES_ERROR;
				GCC_WARN_UNDECLARED_SELECTOR = YES;
				GCC_WARN_UNINITIALIZED_AUTOS = YES_AGGRESSIVE;
				GCC_WARN_UNUSED_FUNCTION = YES;
				GCC_WARN_UNUSED_VARIABLE = YES;
				IPHONEOS_DEPLOYMENT_TARGET = 13.2;
				MTL_ENABLE_DEBUG_INFO = INCLUDE_SOURCE;
				MTL_FAST_MATH = YES;
				ONLY_ACTIVE_ARCH = YES;
				SDKROOT = iphoneos;
				SWIFT_ACTIVE_COMPILATION_CONDITIONS = DEBUG;
				SWIFT_OPTIMIZATION_LEVEL = "-Onone";
			};
			name = Debug;
		};
		33AB5CC3243714BA00FF46CD /* Release */ = {
			isa = XCBuildConfiguration;
			buildSettings = {
				ALWAYS_SEARCH_USER_PATHS = NO;
				CLANG_ANALYZER_NONNULL = YES;
				CLANG_ANALYZER_NUMBER_OBJECT_CONVERSION = YES_AGGRESSIVE;
				CLANG_CXX_LANGUAGE_STANDARD = "gnu++14";
				CLANG_CXX_LIBRARY = "libc++";
				CLANG_ENABLE_MODULES = YES;
				CLANG_ENABLE_OBJC_ARC = YES;
				CLANG_ENABLE_OBJC_WEAK = YES;
				CLANG_WARN_BLOCK_CAPTURE_AUTORELEASING = YES;
				CLANG_WARN_BOOL_CONVERSION = YES;
				CLANG_WARN_COMMA = YES;
				CLANG_WARN_CONSTANT_CONVERSION = YES;
				CLANG_WARN_DEPRECATED_OBJC_IMPLEMENTATIONS = YES;
				CLANG_WARN_DIRECT_OBJC_ISA_USAGE = YES_ERROR;
				CLANG_WARN_DOCUMENTATION_COMMENTS = YES;
				CLANG_WARN_EMPTY_BODY = YES;
				CLANG_WARN_ENUM_CONVERSION = YES;
				CLANG_WARN_INFINITE_RECURSION = YES;
				CLANG_WARN_INT_CONVERSION = YES;
				CLANG_WARN_NON_LITERAL_NULL_CONVERSION = YES;
				CLANG_WARN_OBJC_IMPLICIT_RETAIN_SELF = YES;
				CLANG_WARN_OBJC_LITERAL_CONVERSION = YES;
				CLANG_WARN_OBJC_ROOT_CLASS = YES_ERROR;
				CLANG_WARN_RANGE_LOOP_ANALYSIS = YES;
				CLANG_WARN_STRICT_PROTOTYPES = YES;
				CLANG_WARN_SUSPICIOUS_MOVE = YES;
				CLANG_WARN_UNGUARDED_AVAILABILITY = YES_AGGRESSIVE;
				CLANG_WARN_UNREACHABLE_CODE = YES;
				CLANG_WARN__DUPLICATE_METHOD_MATCH = YES;
				COPY_PHASE_STRIP = NO;
				DEBUG_INFORMATION_FORMAT = "dwarf-with-dsym";
				ENABLE_NS_ASSERTIONS = NO;
				ENABLE_STRICT_OBJC_MSGSEND = YES;
				GCC_C_LANGUAGE_STANDARD = gnu11;
				GCC_NO_COMMON_BLOCKS = YES;
				GCC_WARN_64_TO_32_BIT_CONVERSION = YES;
				GCC_WARN_ABOUT_RETURN_TYPE = YES_ERROR;
				GCC_WARN_UNDECLARED_SELECTOR = YES;
				GCC_WARN_UNINITIALIZED_AUTOS = YES_AGGRESSIVE;
				GCC_WARN_UNUSED_FUNCTION = YES;
				GCC_WARN_UNUSED_VARIABLE = YES;
				IPHONEOS_DEPLOYMENT_TARGET = 13.2;
				MTL_ENABLE_DEBUG_INFO = NO;
				MTL_FAST_MATH = YES;
				SDKROOT = iphoneos;
				SWIFT_COMPILATION_MODE = wholemodule;
				SWIFT_OPTIMIZATION_LEVEL = "-O";
				VALIDATE_PRODUCT = YES;
			};
			name = Release;
		};
		33AB5CC5243714BA00FF46CD /* Debug */ = {
			isa = XCBuildConfiguration;
			baseConfigurationReference = 6FCEB47F379BB378C0BD5E91 /* Pods-FastKins.debug.xcconfig */;
			buildSettings = {
				ASSETCATALOG_COMPILER_APPICON_NAME = AppIcon;
				CODE_SIGN_IDENTITY = "iPhone Developer";
				CODE_SIGN_STYLE = Manual;
				DEVELOPMENT_TEAM = ULN4HA5APP;
				INFOPLIST_FILE = FastKins/Info.plist;
				LD_RUNPATH_SEARCH_PATHS = "$(inherited)";
				PRODUCT_BUNDLE_IDENTIFIER = com.lockdown.app;
				PRODUCT_NAME = "$(TARGET_NAME)";
				PROVISIONING_PROFILE_SPECIFIER = "Lock Down development";
				SWIFT_VERSION = 5.0;
				TARGETED_DEVICE_FAMILY = "1,2";
			};
			name = Debug;
		};
		33AB5CC6243714BA00FF46CD /* Release */ = {
			isa = XCBuildConfiguration;
			baseConfigurationReference = 597B75A2E4FF61952E1759E6 /* Pods-FastKins.release.xcconfig */;
			buildSettings = {
				ASSETCATALOG_COMPILER_APPICON_NAME = AppIcon;
				CODE_SIGN_IDENTITY = "iPhone Developer";
				CODE_SIGN_STYLE = Manual;
				DEVELOPMENT_TEAM = ULN4HA5APP;
				INFOPLIST_FILE = FastKins/Info.plist;
				LD_RUNPATH_SEARCH_PATHS = "$(inherited)";
				PRODUCT_BUNDLE_IDENTIFIER = com.lockdown.app;
				PRODUCT_NAME = "$(TARGET_NAME)";
				PROVISIONING_PROFILE_SPECIFIER = "Lock Down development";
				SWIFT_VERSION = 5.0;
				TARGETED_DEVICE_FAMILY = "1,2";
			};
			name = Release;
		};
		33AB5CC8243714BA00FF46CD /* Debug */ = {
			isa = XCBuildConfiguration;
			baseConfigurationReference = FC1DCC94169089F71F0EFE87 /* Pods-FastKinsTests.debug.xcconfig */;
			buildSettings = {
				ALWAYS_EMBED_SWIFT_STANDARD_LIBRARIES = "$(inherited)";
				BUNDLE_LOADER = "$(TEST_HOST)";
				CODE_SIGN_IDENTITY = "Apple Development";
				"CODE_SIGN_IDENTITY[sdk=macosx*]" = "Apple Development";
				CODE_SIGN_STYLE = Manual;
				DEVELOPMENT_TEAM = ULN4HA5APP;
				INFOPLIST_FILE = FastKinsTests/Info.plist;
				IPHONEOS_DEPLOYMENT_TARGET = 13.2;
				LD_RUNPATH_SEARCH_PATHS = "$(inherited)";
				PRODUCT_BUNDLE_IDENTIFIER = com.atria.glowtouch1.FastKinsTests;
				PRODUCT_NAME = "$(TARGET_NAME)";
				PROVISIONING_PROFILE_SPECIFIER = "";
				"PROVISIONING_PROFILE_SPECIFIER[sdk=macosx*]" = "";
				SWIFT_VERSION = 5.0;
				TARGETED_DEVICE_FAMILY = "1,2";
				TEST_HOST = "$(BUILT_PRODUCTS_DIR)/FastKins.app/FastKins";
			};
			name = Debug;
		};
		33AB5CC9243714BA00FF46CD /* Release */ = {
			isa = XCBuildConfiguration;
			baseConfigurationReference = C6200BF7C59AE9C20610A123 /* Pods-FastKinsTests.release.xcconfig */;
			buildSettings = {
				ALWAYS_EMBED_SWIFT_STANDARD_LIBRARIES = "$(inherited)";
				BUNDLE_LOADER = "$(TEST_HOST)";
				CODE_SIGN_IDENTITY = "Apple Development";
				"CODE_SIGN_IDENTITY[sdk=macosx*]" = "Apple Development";
				CODE_SIGN_STYLE = Manual;
				DEVELOPMENT_TEAM = ULN4HA5APP;
				INFOPLIST_FILE = FastKinsTests/Info.plist;
				IPHONEOS_DEPLOYMENT_TARGET = 13.2;
				LD_RUNPATH_SEARCH_PATHS = "$(inherited)";
				PRODUCT_BUNDLE_IDENTIFIER = com.atria.glowtouch1.FastKinsTests;
				PRODUCT_NAME = "$(TARGET_NAME)";
				PROVISIONING_PROFILE_SPECIFIER = "";
				"PROVISIONING_PROFILE_SPECIFIER[sdk=macosx*]" = "";
				SWIFT_VERSION = 5.0;
				TARGETED_DEVICE_FAMILY = "1,2";
				TEST_HOST = "$(BUILT_PRODUCTS_DIR)/FastKins.app/FastKins";
			};
			name = Release;
		};
		33AB5CCB243714BA00FF46CD /* Debug */ = {
			isa = XCBuildConfiguration;
			baseConfigurationReference = DC9DD324D05235E7F1F01393 /* Pods-FastKins-FastKinsUITests.debug.xcconfig */;
			buildSettings = {
				ALWAYS_EMBED_SWIFT_STANDARD_LIBRARIES = "$(inherited)";
				CODE_SIGN_IDENTITY = "Apple Development";
				"CODE_SIGN_IDENTITY[sdk=macosx*]" = "Apple Development";
				CODE_SIGN_STYLE = Automatic;
				DEVELOPMENT_TEAM = ULN4HA5APP;
				INFOPLIST_FILE = FastKinsUITests/Info.plist;
				LD_RUNPATH_SEARCH_PATHS = "$(inherited)";
				PRODUCT_BUNDLE_IDENTIFIER = com.atria.glowtouch1.FastKinsUITests;
				PRODUCT_NAME = "$(TARGET_NAME)";
				PROVISIONING_PROFILE_SPECIFIER = "";
				"PROVISIONING_PROFILE_SPECIFIER[sdk=macosx*]" = "";
				SWIFT_VERSION = 5.0;
				TARGETED_DEVICE_FAMILY = "1,2";
				TEST_TARGET_NAME = FastKins;
			};
			name = Debug;
		};
		33AB5CCC243714BA00FF46CD /* Release */ = {
			isa = XCBuildConfiguration;
			baseConfigurationReference = E857508DB2848BD9332A7274 /* Pods-FastKins-FastKinsUITests.release.xcconfig */;
			buildSettings = {
				ALWAYS_EMBED_SWIFT_STANDARD_LIBRARIES = "$(inherited)";
				CODE_SIGN_IDENTITY = "Apple Development";
				"CODE_SIGN_IDENTITY[sdk=macosx*]" = "Apple Development";
				CODE_SIGN_STYLE = Automatic;
				DEVELOPMENT_TEAM = ULN4HA5APP;
				INFOPLIST_FILE = FastKinsUITests/Info.plist;
				LD_RUNPATH_SEARCH_PATHS = "$(inherited)";
				PRODUCT_BUNDLE_IDENTIFIER = com.atria.glowtouch1.FastKinsUITests;
				PRODUCT_NAME = "$(TARGET_NAME)";
				PROVISIONING_PROFILE_SPECIFIER = "";
				"PROVISIONING_PROFILE_SPECIFIER[sdk=macosx*]" = "";
				SWIFT_VERSION = 5.0;
				TARGETED_DEVICE_FAMILY = "1,2";
				TEST_TARGET_NAME = FastKins;
			};
			name = Release;
		};
/* End XCBuildConfiguration section */

/* Begin XCConfigurationList section */
		33AB5C95243714B200FF46CD /* Build configuration list for PBXProject "FastKins" */ = {
			isa = XCConfigurationList;
			buildConfigurations = (
				33AB5CC2243714BA00FF46CD /* Debug */,
				33AB5CC3243714BA00FF46CD /* Release */,
			);
			defaultConfigurationIsVisible = 0;
			defaultConfigurationName = Release;
		};
		33AB5CC4243714BA00FF46CD /* Build configuration list for PBXNativeTarget "FastKins" */ = {
			isa = XCConfigurationList;
			buildConfigurations = (
				33AB5CC5243714BA00FF46CD /* Debug */,
				33AB5CC6243714BA00FF46CD /* Release */,
			);
			defaultConfigurationIsVisible = 0;
			defaultConfigurationName = Release;
		};
		33AB5CC7243714BA00FF46CD /* Build configuration list for PBXNativeTarget "FastKinsTests" */ = {
			isa = XCConfigurationList;
			buildConfigurations = (
				33AB5CC8243714BA00FF46CD /* Debug */,
				33AB5CC9243714BA00FF46CD /* Release */,
			);
			defaultConfigurationIsVisible = 0;
			defaultConfigurationName = Release;
		};
		33AB5CCA243714BA00FF46CD /* Build configuration list for PBXNativeTarget "FastKinsUITests" */ = {
			isa = XCConfigurationList;
			buildConfigurations = (
				33AB5CCB243714BA00FF46CD /* Debug */,
				33AB5CCC243714BA00FF46CD /* Release */,
			);
			defaultConfigurationIsVisible = 0;
			defaultConfigurationName = Release;
		};
/* End XCConfigurationList section */
	};
	rootObject = 33AB5C92243714B200FF46CD /* Project object */;
}
